// !$*UTF8*$!
{
	archiveVersion = 1;
	classes = {
	};
	objectVersion = 46;
	objects = {

/* Begin PBXBuildFile section */
		C90866581D3E1C6900ED1413 /* OPUIEnrollFailPhotoShotViewController.h in Headers */ = {isa = PBXBuildFile; fileRef = C90866561D3E1C6900ED1413 /* OPUIEnrollFailPhotoShotViewController.h */; };
		C90866591D3E1C6900ED1413 /* OPUIEnrollFailPhotoShotViewController.m in Sources */ = {isa = PBXBuildFile; fileRef = C90866571D3E1C6900ED1413 /* OPUIEnrollFailPhotoShotViewController.m */; };
		C908665F1D3E206400ED1413 /* OPUIEnrollFailVoiceViewController.h in Headers */ = {isa = PBXBuildFile; fileRef = C908665D1D3E206400ED1413 /* OPUIEnrollFailVoiceViewController.h */; };
		C90866601D3E206400ED1413 /* OPUIEnrollFailVoiceViewController.m in Sources */ = {isa = PBXBuildFile; fileRef = C908665E1D3E206400ED1413 /* OPUIEnrollFailVoiceViewController.m */; };
		C90B75D81D2A94B500446ACC /* OnePassUILocalizable.strings in Resources */ = {isa = PBXBuildFile; fileRef = C90B75DA1D2A94B500446ACC /* OnePassUILocalizable.strings */; };
		C90B75DC1D2A94DA00446ACC /* Enroll.storyboard in Resources */ = {isa = PBXBuildFile; fileRef = C90B75DE1D2A94DA00446ACC /* Enroll.storyboard */; };
		C90B8C381D253B3C005F965E /* Icons.xcassets in Resources */ = {isa = PBXBuildFile; fileRef = C90B8C371D253B3C005F965E /* Icons.xcassets */; };
		C90ED5D71D2D3EA30062CA13 /* Verify.storyboard in Resources */ = {isa = PBXBuildFile; fileRef = C90ED5D91D2D3EA30062CA13 /* Verify.storyboard */; };
		C90F6CF61D256A2E0085AB3F /* OPUIEnrollAgreementViewController.h in Headers */ = {isa = PBXBuildFile; fileRef = C90F6CF41D256A2E0085AB3F /* OPUIEnrollAgreementViewController.h */; };
		C90F6CF71D256A2E0085AB3F /* OPUIEnrollAgreementViewController.m in Sources */ = {isa = PBXBuildFile; fileRef = C90F6CF51D256A2E0085AB3F /* OPUIEnrollAgreementViewController.m */; };
		C91A70131D3E02ED00AF95A9 /* OPUIVerifyFailViewController.h in Headers */ = {isa = PBXBuildFile; fileRef = C91A70111D3E02ED00AF95A9 /* OPUIVerifyFailViewController.h */; };
		C91A70141D3E02ED00AF95A9 /* OPUIVerifyFailViewController.m in Sources */ = {isa = PBXBuildFile; fileRef = C91A70121D3E02ED00AF95A9 /* OPUIVerifyFailViewController.m */; };
		C9474EE11D54E37300E531A7 /* OnePassUICommon.framework in Frameworks */ = {isa = PBXBuildFile; fileRef = C9474EE01D54E37300E531A7 /* OnePassUICommon.framework */; };
		C9474F661D587AE500E531A7 /* OPUILoader.h in Headers */ = {isa = PBXBuildFile; fileRef = C9474F641D587AE500E531A7 /* OPUILoader.h */; settings = {ATTRIBUTES = (Public, ); }; };
		C9474F671D587AE500E531A7 /* OPUILoader.m in Sources */ = {isa = PBXBuildFile; fileRef = C9474F651D587AE500E531A7 /* OPUILoader.m */; };
		C955E0A81D0FFC7A006D2682 /* OnePassUI.h in Headers */ = {isa = PBXBuildFile; fileRef = C955E0A71D0FFC7A006D2682 /* OnePassUI.h */; settings = {ATTRIBUTES = (Public, ); }; };
		C955E0AF1D0FFC7A006D2682 /* OnePassUI.framework in Frameworks */ = {isa = PBXBuildFile; fileRef = C955E0A41D0FFC7A006D2682 /* OnePassUI.framework */; };
		C955E0B41D0FFC7A006D2682 /* OnePassUITests.m in Sources */ = {isa = PBXBuildFile; fileRef = C955E0B31D0FFC7A006D2682 /* OnePassUITests.m */; };
		C955E0C81D0FFF40006D2682 /* OPUIEnrollFaceCaptureViewController.h in Headers */ = {isa = PBXBuildFile; fileRef = C955E0C61D0FFF40006D2682 /* OPUIEnrollFaceCaptureViewController.h */; };
		C955E0C91D0FFF40006D2682 /* OPUIEnrollFaceCaptureViewController.m in Sources */ = {isa = PBXBuildFile; fileRef = C955E0C71D0FFF40006D2682 /* OPUIEnrollFaceCaptureViewController.m */; };
		C96079311D1D2AF600B9F55E /* OPUIVerifyVideoCaptureViewController.h in Headers */ = {isa = PBXBuildFile; fileRef = C960792F1D1D2AF600B9F55E /* OPUIVerifyVideoCaptureViewController.h */; };
		C96079321D1D2AF600B9F55E /* OPUIVerifyVideoCaptureViewController.m in Sources */ = {isa = PBXBuildFile; fileRef = C96079301D1D2AF600B9F55E /* OPUIVerifyVideoCaptureViewController.m */; };
		C964446F1D1A886900799D13 /* OPUIEnrollVoiceRecordViewController.h in Headers */ = {isa = PBXBuildFile; fileRef = C964446D1D1A886900799D13 /* OPUIEnrollVoiceRecordViewController.h */; };
		C96444701D1A886900799D13 /* OPUIEnrollVoiceRecordViewController.m in Sources */ = {isa = PBXBuildFile; fileRef = C964446E1D1A886900799D13 /* OPUIEnrollVoiceRecordViewController.m */; };
		C9FB14CC1D54CCF1002A0E67 /* OnePassCore.framework in Frameworks */ = {isa = PBXBuildFile; fileRef = C9817A291D21645100F85698 /* OnePassCore.framework */; };
/* End PBXBuildFile section */

/* Begin PBXContainerItemProxy section */
		C9474ED61D54E2A000E531A7 /* PBXContainerItemProxy */ = {
			isa = PBXContainerItemProxy;
			containerPortal = C9F405A71D538C2800007549 /* OnePassUICommon.xcodeproj */;
			proxyType = 1;
			remoteGlobalIDString = C9F405801D538AD500007549;
			remoteInfo = OnePassUICommon;
		};
		C955E0B01D0FFC7A006D2682 /* PBXContainerItemProxy */ = {
			isa = PBXContainerItemProxy;
			containerPortal = C955E09B1D0FFC7A006D2682 /* Project object */;
			proxyType = 1;
			remoteGlobalIDString = C955E0A31D0FFC7A006D2682;
			remoteInfo = OnePassUI;
		};
		C9817A281D21645100F85698 /* PBXContainerItemProxy */ = {
			isa = PBXContainerItemProxy;
			containerPortal = C9817A221D21645100F85698 /* OnePassCore.xcodeproj */;
			proxyType = 2;
			remoteGlobalIDString = C977D5E01D117A2300A3E42D;
			remoteInfo = OnePassCore;
		};
		C9817A2A1D21645100F85698 /* PBXContainerItemProxy */ = {
			isa = PBXContainerItemProxy;
			containerPortal = C9817A221D21645100F85698 /* OnePassCore.xcodeproj */;
			proxyType = 2;
			remoteGlobalIDString = C977D5EA1D117A2300A3E42D;
			remoteInfo = OnePassCoreTests;
		};
		C9F405AC1D538C2800007549 /* PBXContainerItemProxy */ = {
			isa = PBXContainerItemProxy;
			containerPortal = C9F405A71D538C2800007549 /* OnePassUICommon.xcodeproj */;
			proxyType = 2;
			remoteGlobalIDString = C9F405811D538AD500007549;
			remoteInfo = OnePassUICommon;
		};
		C9F405AE1D538C2800007549 /* PBXContainerItemProxy */ = {
			isa = PBXContainerItemProxy;
			containerPortal = C9F405A71D538C2800007549 /* OnePassUICommon.xcodeproj */;
			proxyType = 2;
			remoteGlobalIDString = C9F4058B1D538AD500007549;
			remoteInfo = OnePassUICommonTests;
		};
/* End PBXContainerItemProxy section */

/* Begin PBXFileReference section */
		C90866561D3E1C6900ED1413 /* OPUIEnrollFailPhotoShotViewController.h */ = {isa = PBXFileReference; fileEncoding = 4; lastKnownFileType = sourcecode.c.h; path = OPUIEnrollFailPhotoShotViewController.h; sourceTree = "<group>"; };
		C90866571D3E1C6900ED1413 /* OPUIEnrollFailPhotoShotViewController.m */ = {isa = PBXFileReference; fileEncoding = 4; lastKnownFileType = sourcecode.c.objc; path = OPUIEnrollFailPhotoShotViewController.m; sourceTree = "<group>"; };
		C908665D1D3E206400ED1413 /* OPUIEnrollFailVoiceViewController.h */ = {isa = PBXFileReference; fileEncoding = 4; lastKnownFileType = sourcecode.c.h; path = OPUIEnrollFailVoiceViewController.h; sourceTree = "<group>"; };
		C908665E1D3E206400ED1413 /* OPUIEnrollFailVoiceViewController.m */ = {isa = PBXFileReference; fileEncoding = 4; lastKnownFileType = sourcecode.c.objc; path = OPUIEnrollFailVoiceViewController.m; sourceTree = "<group>"; };
		C90B75D91D2A94B500446ACC /* en */ = {isa = PBXFileReference; lastKnownFileType = text.plist.strings; name = en; path = en.lproj/OnePassUILocalizable.strings; sourceTree = "<group>"; };
		C90B75DB1D2A94C800446ACC /* ru */ = {isa = PBXFileReference; lastKnownFileType = text.plist.strings; name = ru; path = ru.lproj/OnePassUILocalizable.strings; sourceTree = "<group>"; };
		C90B8C371D253B3C005F965E /* Icons.xcassets */ = {isa = PBXFileReference; lastKnownFileType = folder.assetcatalog; path = Icons.xcassets; sourceTree = "<group>"; };
		C90ED5DE1D2D3EA60062CA13 /* ru */ = {isa = PBXFileReference; lastKnownFileType = text.plist.strings; name = ru; path = ru.lproj/Verify.strings; sourceTree = "<group>"; };
		C90ED5DF1D2D3FD70062CA13 /* Base */ = {isa = PBXFileReference; lastKnownFileType = file.storyboard; name = Base; path = Base.lproj/Verify.storyboard; sourceTree = "<group>"; };
		C90ED5E01D2D3FDE0062CA13 /* en */ = {isa = PBXFileReference; lastKnownFileType = text.plist.strings; name = en; path = en.lproj/Verify.strings; sourceTree = "<group>"; };
		C90F6CF41D256A2E0085AB3F /* OPUIEnrollAgreementViewController.h */ = {isa = PBXFileReference; fileEncoding = 4; lastKnownFileType = sourcecode.c.h; path = OPUIEnrollAgreementViewController.h; sourceTree = "<group>"; };
		C90F6CF51D256A2E0085AB3F /* OPUIEnrollAgreementViewController.m */ = {isa = PBXFileReference; fileEncoding = 4; lastKnownFileType = sourcecode.c.objc; path = OPUIEnrollAgreementViewController.m; sourceTree = "<group>"; };
		C918CDAB1D4F79F70074E186 /* pt-BR */ = {isa = PBXFileReference; lastKnownFileType = text.plist.strings; name = "pt-BR"; path = "pt-BR.lproj/Enroll.strings"; sourceTree = "<group>"; };
		C918CDAC1D4F79F70074E186 /* pt-BR */ = {isa = PBXFileReference; lastKnownFileType = text.plist.strings; name = "pt-BR"; path = "pt-BR.lproj/Verify.strings"; sourceTree = "<group>"; };
		C918CDAF1D4F79F70074E186 /* pt-BR */ = {isa = PBXFileReference; lastKnownFileType = text.plist.strings; name = "pt-BR"; path = "pt-BR.lproj/OnePassUILocalizable.strings"; sourceTree = "<group>"; };
		C918CDB71D4F8FFD0074E186 /* ko */ = {isa = PBXFileReference; lastKnownFileType = text.plist.strings; name = ko; path = ko.lproj/Enroll.strings; sourceTree = "<group>"; };
		C918CDB81D4F8FFD0074E186 /* ko */ = {isa = PBXFileReference; lastKnownFileType = text.plist.strings; name = ko; path = ko.lproj/Verify.strings; sourceTree = "<group>"; };
		C918CDBB1D4F8FFD0074E186 /* ko */ = {isa = PBXFileReference; lastKnownFileType = text.plist.strings; name = ko; path = ko.lproj/OnePassUILocalizable.strings; sourceTree = "<group>"; };
		C91A70111D3E02ED00AF95A9 /* OPUIVerifyFailViewController.h */ = {isa = PBXFileReference; fileEncoding = 4; lastKnownFileType = sourcecode.c.h; path = OPUIVerifyFailViewController.h; sourceTree = "<group>"; };
		C91A70121D3E02ED00AF95A9 /* OPUIVerifyFailViewController.m */ = {isa = PBXFileReference; fileEncoding = 4; lastKnownFileType = sourcecode.c.objc; path = OPUIVerifyFailViewController.m; sourceTree = "<group>"; };
		C9474EE01D54E37300E531A7 /* OnePassUICommon.framework */ = {isa = PBXFileReference; lastKnownFileType = wrapper.framework; name = OnePassUICommon.framework; path = "../OpePassOnlineDemo/DerivedData/OnePassOnlineDemo/Build/Products/Debug-iphoneos/OnePassUICommon.framework"; sourceTree = "<group>"; };
		C9474F641D587AE500E531A7 /* OPUILoader.h */ = {isa = PBXFileReference; fileEncoding = 4; lastKnownFileType = sourcecode.c.h; path = OPUILoader.h; sourceTree = "<group>"; };
		C9474F651D587AE500E531A7 /* OPUILoader.m */ = {isa = PBXFileReference; fileEncoding = 4; lastKnownFileType = sourcecode.c.objc; path = OPUILoader.m; sourceTree = "<group>"; };
		C955E0A41D0FFC7A006D2682 /* OnePassUI.framework */ = {isa = PBXFileReference; explicitFileType = wrapper.framework; includeInIndex = 0; path = OnePassUI.framework; sourceTree = BUILT_PRODUCTS_DIR; };
		C955E0A71D0FFC7A006D2682 /* OnePassUI.h */ = {isa = PBXFileReference; lastKnownFileType = sourcecode.c.h; path = OnePassUI.h; sourceTree = "<group>"; };
		C955E0A91D0FFC7A006D2682 /* Info.plist */ = {isa = PBXFileReference; lastKnownFileType = text.plist.xml; path = Info.plist; sourceTree = "<group>"; };
		C955E0AE1D0FFC7A006D2682 /* OnePassUITests.xctest */ = {isa = PBXFileReference; explicitFileType = wrapper.cfbundle; includeInIndex = 0; path = OnePassUITests.xctest; sourceTree = BUILT_PRODUCTS_DIR; };
		C955E0B31D0FFC7A006D2682 /* OnePassUITests.m */ = {isa = PBXFileReference; lastKnownFileType = sourcecode.c.objc; path = OnePassUITests.m; sourceTree = "<group>"; };
		C955E0B51D0FFC7A006D2682 /* Info.plist */ = {isa = PBXFileReference; lastKnownFileType = text.plist.xml; path = Info.plist; sourceTree = "<group>"; };
		C955E0C61D0FFF40006D2682 /* OPUIEnrollFaceCaptureViewController.h */ = {isa = PBXFileReference; fileEncoding = 4; lastKnownFileType = sourcecode.c.h; path = OPUIEnrollFaceCaptureViewController.h; sourceTree = "<group>"; };
		C955E0C71D0FFF40006D2682 /* OPUIEnrollFaceCaptureViewController.m */ = {isa = PBXFileReference; fileEncoding = 4; lastKnownFileType = sourcecode.c.objc; path = OPUIEnrollFaceCaptureViewController.m; sourceTree = "<group>"; };
		C960792F1D1D2AF600B9F55E /* OPUIVerifyVideoCaptureViewController.h */ = {isa = PBXFileReference; fileEncoding = 4; lastKnownFileType = sourcecode.c.h; path = OPUIVerifyVideoCaptureViewController.h; sourceTree = "<group>"; };
		C96079301D1D2AF600B9F55E /* OPUIVerifyVideoCaptureViewController.m */ = {isa = PBXFileReference; fileEncoding = 4; lastKnownFileType = sourcecode.c.objc; path = OPUIVerifyVideoCaptureViewController.m; sourceTree = "<group>"; };
		C964446D1D1A886900799D13 /* OPUIEnrollVoiceRecordViewController.h */ = {isa = PBXFileReference; fileEncoding = 4; lastKnownFileType = sourcecode.c.h; path = OPUIEnrollVoiceRecordViewController.h; sourceTree = "<group>"; };
		C964446E1D1A886900799D13 /* OPUIEnrollVoiceRecordViewController.m */ = {isa = PBXFileReference; fileEncoding = 4; lastKnownFileType = sourcecode.c.objc; path = OPUIEnrollVoiceRecordViewController.m; sourceTree = "<group>"; };
		C9817A221D21645100F85698 /* OnePassCore.xcodeproj */ = {isa = PBXFileReference; lastKnownFileType = "wrapper.pb-project"; name = OnePassCore.xcodeproj; path = ../OnePassCore/OnePassCore.xcodeproj; sourceTree = "<group>"; };
		C9D330F41D2A95280049FB62 /* Base */ = {isa = PBXFileReference; lastKnownFileType = file.storyboard; name = Base; path = Base.lproj/Enroll.storyboard; sourceTree = "<group>"; };
		C9D330F61D2A95310049FB62 /* en */ = {isa = PBXFileReference; lastKnownFileType = text.plist.strings; name = en; path = en.lproj/Enroll.strings; sourceTree = "<group>"; };
		C9D330F81D2A95390049FB62 /* ru */ = {isa = PBXFileReference; lastKnownFileType = text.plist.strings; name = ru; path = ru.lproj/Enroll.strings; sourceTree = "<group>"; };
		C9F405A71D538C2800007549 /* OnePassUICommon.xcodeproj */ = {isa = PBXFileReference; lastKnownFileType = "wrapper.pb-project"; name = OnePassUICommon.xcodeproj; path = ../OnePassUICommon/OnePassUICommon.xcodeproj; sourceTree = "<group>"; };
/* End PBXFileReference section */

/* Begin PBXFrameworksBuildPhase section */
		C955E0A01D0FFC7A006D2682 /* Frameworks */ = {
			isa = PBXFrameworksBuildPhase;
			buildActionMask = 2147483647;
			files = (
				C9474EE11D54E37300E531A7 /* OnePassUICommon.framework in Frameworks */,
				C9FB14CC1D54CCF1002A0E67 /* OnePassCore.framework in Frameworks */,
			);
			runOnlyForDeploymentPostprocessing = 0;
		};
		C955E0AB1D0FFC7A006D2682 /* Frameworks */ = {
			isa = PBXFrameworksBuildPhase;
			buildActionMask = 2147483647;
			files = (
				C955E0AF1D0FFC7A006D2682 /* OnePassUI.framework in Frameworks */,
			);
			runOnlyForDeploymentPostprocessing = 0;
		};
/* End PBXFrameworksBuildPhase section */

/* Begin PBXGroup section */
		C955E09A1D0FFC7A006D2682 = {
			isa = PBXGroup;
			children = (
				C9474EE01D54E37300E531A7 /* OnePassUICommon.framework */,
				C9F405A71D538C2800007549 /* OnePassUICommon.xcodeproj */,
				C9817A221D21645100F85698 /* OnePassCore.xcodeproj */,
				C955E0A61D0FFC7A006D2682 /* OnePassUI */,
				C955E0B21D0FFC7A006D2682 /* OnePassUITests */,
				C955E0A51D0FFC7A006D2682 /* Products */,
			);
			sourceTree = "<group>";
		};
		C955E0A51D0FFC7A006D2682 /* Products */ = {
			isa = PBXGroup;
			children = (
				C955E0A41D0FFC7A006D2682 /* OnePassUI.framework */,
				C955E0AE1D0FFC7A006D2682 /* OnePassUITests.xctest */,
			);
			name = Products;
			sourceTree = "<group>";
		};
		C955E0A61D0FFC7A006D2682 /* OnePassUI */ = {
			isa = PBXGroup;
			children = (
				C955E0A71D0FFC7A006D2682 /* OnePassUI.h */,
				C9474F641D587AE500E531A7 /* OPUILoader.h */,
				C9474F651D587AE500E531A7 /* OPUILoader.m */,
				C955E0C51D0FFE95006D2682 /* ViewControllers */,
				C955E0A91D0FFC7A006D2682 /* Info.plist */,
				C90B8C371D253B3C005F965E /* Icons.xcassets */,
				C90B75DA1D2A94B500446ACC /* OnePassUILocalizable.strings */,
			);
			path = OnePassUI;
			sourceTree = "<group>";
		};
		C955E0B21D0FFC7A006D2682 /* OnePassUITests */ = {
			isa = PBXGroup;
			children = (
				C955E0B31D0FFC7A006D2682 /* OnePassUITests.m */,
				C955E0B51D0FFC7A006D2682 /* Info.plist */,
			);
			path = OnePassUITests;
			sourceTree = "<group>";
		};
		C955E0C51D0FFE95006D2682 /* ViewControllers */ = {
			isa = PBXGroup;
			children = (
				C960792D1D1D2A3E00B9F55E /* Enroll */,
				C960792E1D1D2AB200B9F55E /* Verify */,
			);
			name = ViewControllers;
			sourceTree = "<group>";
		};
		C960792D1D1D2A3E00B9F55E /* Enroll */ = {
			isa = PBXGroup;
			children = (
				C90B75DE1D2A94DA00446ACC /* Enroll.storyboard */,
				C90F6CF41D256A2E0085AB3F /* OPUIEnrollAgreementViewController.h */,
				C90F6CF51D256A2E0085AB3F /* OPUIEnrollAgreementViewController.m */,
				C955E0C61D0FFF40006D2682 /* OPUIEnrollFaceCaptureViewController.h */,
				C955E0C71D0FFF40006D2682 /* OPUIEnrollFaceCaptureViewController.m */,
				C964446D1D1A886900799D13 /* OPUIEnrollVoiceRecordViewController.h */,
				C964446E1D1A886900799D13 /* OPUIEnrollVoiceRecordViewController.m */,
				C90866561D3E1C6900ED1413 /* OPUIEnrollFailPhotoShotViewController.h */,
				C90866571D3E1C6900ED1413 /* OPUIEnrollFailPhotoShotViewController.m */,
				C908665D1D3E206400ED1413 /* OPUIEnrollFailVoiceViewController.h */,
				C908665E1D3E206400ED1413 /* OPUIEnrollFailVoiceViewController.m */,
			);
			name = Enroll;
			sourceTree = "<group>";
		};
		C960792E1D1D2AB200B9F55E /* Verify */ = {
			isa = PBXGroup;
			children = (
				C90ED5D91D2D3EA30062CA13 /* Verify.storyboard */,
				C960792F1D1D2AF600B9F55E /* OPUIVerifyVideoCaptureViewController.h */,
				C96079301D1D2AF600B9F55E /* OPUIVerifyVideoCaptureViewController.m */,
				C91A70111D3E02ED00AF95A9 /* OPUIVerifyFailViewController.h */,
				C91A70121D3E02ED00AF95A9 /* OPUIVerifyFailViewController.m */,
			);
			name = Verify;
			sourceTree = "<group>";
		};
		C9817A231D21645100F85698 /* Products */ = {
			isa = PBXGroup;
			children = (
				C9817A291D21645100F85698 /* OnePassCore.framework */,
				C9817A2B1D21645100F85698 /* OnePassCoreTests.xctest */,
			);
			name = Products;
			sourceTree = "<group>";
		};
		C9F405A81D538C2800007549 /* Products */ = {
			isa = PBXGroup;
			children = (
				C9F405AD1D538C2800007549 /* OnePassUICommon.framework */,
				C9F405AF1D538C2800007549 /* OnePassUICommonTests.xctest */,
			);
			name = Products;
			sourceTree = "<group>";
		};
/* End PBXGroup section */

/* Begin PBXHeadersBuildPhase section */
		C955E0A11D0FFC7A006D2682 /* Headers */ = {
			isa = PBXHeadersBuildPhase;
			buildActionMask = 2147483647;
			files = (
				C90866581D3E1C6900ED1413 /* OPUIEnrollFailPhotoShotViewController.h in Headers */,
				C9474F661D587AE500E531A7 /* OPUILoader.h in Headers */,
				C908665F1D3E206400ED1413 /* OPUIEnrollFailVoiceViewController.h in Headers */,
				C91A70131D3E02ED00AF95A9 /* OPUIVerifyFailViewController.h in Headers */,
				C90F6CF61D256A2E0085AB3F /* OPUIEnrollAgreementViewController.h in Headers */,
				C96079311D1D2AF600B9F55E /* OPUIVerifyVideoCaptureViewController.h in Headers */,
				C955E0C81D0FFF40006D2682 /* OPUIEnrollFaceCaptureViewController.h in Headers */,
				C964446F1D1A886900799D13 /* OPUIEnrollVoiceRecordViewController.h in Headers */,
				C955E0A81D0FFC7A006D2682 /* OnePassUI.h in Headers */,
			);
			runOnlyForDeploymentPostprocessing = 0;
		};
/* End PBXHeadersBuildPhase section */

/* Begin PBXNativeTarget section */
		C955E0A31D0FFC7A006D2682 /* OnePassUI */ = {
			isa = PBXNativeTarget;
			buildConfigurationList = C955E0B81D0FFC7A006D2682 /* Build configuration list for PBXNativeTarget "OnePassUI" */;
			buildPhases = (
				C955E09F1D0FFC7A006D2682 /* Sources */,
				C955E0A01D0FFC7A006D2682 /* Frameworks */,
				C955E0A11D0FFC7A006D2682 /* Headers */,
				C955E0A21D0FFC7A006D2682 /* Resources */,
			);
			buildRules = (
			);
			dependencies = (
				C9474ED71D54E2A000E531A7 /* PBXTargetDependency */,
			);
			name = OnePassUI;
			productName = OnePassUI;
			productReference = C955E0A41D0FFC7A006D2682 /* OnePassUI.framework */;
			productType = "com.apple.product-type.framework";
		};
		C955E0AD1D0FFC7A006D2682 /* OnePassUITests */ = {
			isa = PBXNativeTarget;
			buildConfigurationList = C955E0BB1D0FFC7A006D2682 /* Build configuration list for PBXNativeTarget "OnePassUITests" */;
			buildPhases = (
				C955E0AA1D0FFC7A006D2682 /* Sources */,
				C955E0AB1D0FFC7A006D2682 /* Frameworks */,
				C955E0AC1D0FFC7A006D2682 /* Resources */,
			);
			buildRules = (
			);
			dependencies = (
				C955E0B11D0FFC7A006D2682 /* PBXTargetDependency */,
			);
			name = OnePassUITests;
			productName = OnePassUITests;
			productReference = C955E0AE1D0FFC7A006D2682 /* OnePassUITests.xctest */;
			productType = "com.apple.product-type.bundle.unit-test";
		};
/* End PBXNativeTarget section */

/* Begin PBXProject section */
		C955E09B1D0FFC7A006D2682 /* Project object */ = {
			isa = PBXProject;
			attributes = {
				LastUpgradeCheck = 0730;
				ORGANIZATIONNAME = "Speech Technology Center";
				TargetAttributes = {
					C955E0A31D0FFC7A006D2682 = {
						CreatedOnToolsVersion = 7.3.1;
					};
					C955E0AD1D0FFC7A006D2682 = {
						CreatedOnToolsVersion = 7.3.1;
					};
				};
			};
			buildConfigurationList = C955E09E1D0FFC7A006D2682 /* Build configuration list for PBXProject "OnePassUI" */;
			compatibilityVersion = "Xcode 3.2";
			developmentRegion = English;
			hasScannedForEncodings = 0;
			knownRegions = (
				en,
				ru,
				Base,
				"pt-BR",
				ko,
			);
			mainGroup = C955E09A1D0FFC7A006D2682;
			productRefGroup = C955E0A51D0FFC7A006D2682 /* Products */;
			projectDirPath = "";
			projectReferences = (
				{
					ProductGroup = C9817A231D21645100F85698 /* Products */;
					ProjectRef = C9817A221D21645100F85698 /* OnePassCore.xcodeproj */;
				},
				{
					ProductGroup = C9F405A81D538C2800007549 /* Products */;
					ProjectRef = C9F405A71D538C2800007549 /* OnePassUICommon.xcodeproj */;
				},
			);
			projectRoot = "";
			targets = (
				C955E0A31D0FFC7A006D2682 /* OnePassUI */,
				C955E0AD1D0FFC7A006D2682 /* OnePassUITests */,
			);
		};
/* End PBXProject section */

/* Begin PBXReferenceProxy section */
		C9817A291D21645100F85698 /* OnePassCore.framework */ = {
			isa = PBXReferenceProxy;
			fileType = wrapper.framework;
			path = OnePassCore.framework;
			remoteRef = C9817A281D21645100F85698 /* PBXContainerItemProxy */;
			sourceTree = BUILT_PRODUCTS_DIR;
		};
		C9817A2B1D21645100F85698 /* OnePassCoreTests.xctest */ = {
			isa = PBXReferenceProxy;
			fileType = wrapper.cfbundle;
			path = OnePassCoreTests.xctest;
			remoteRef = C9817A2A1D21645100F85698 /* PBXContainerItemProxy */;
			sourceTree = BUILT_PRODUCTS_DIR;
		};
		C9F405AD1D538C2800007549 /* OnePassUICommon.framework */ = {
			isa = PBXReferenceProxy;
			fileType = wrapper.framework;
			path = OnePassUICommon.framework;
			remoteRef = C9F405AC1D538C2800007549 /* PBXContainerItemProxy */;
			sourceTree = BUILT_PRODUCTS_DIR;
		};
		C9F405AF1D538C2800007549 /* OnePassUICommonTests.xctest */ = {
			isa = PBXReferenceProxy;
			fileType = wrapper.cfbundle;
			path = OnePassUICommonTests.xctest;
			remoteRef = C9F405AE1D538C2800007549 /* PBXContainerItemProxy */;
			sourceTree = BUILT_PRODUCTS_DIR;
		};
/* End PBXReferenceProxy section */

/* Begin PBXResourcesBuildPhase section */
		C955E0A21D0FFC7A006D2682 /* Resources */ = {
			isa = PBXResourcesBuildPhase;
			buildActionMask = 2147483647;
			files = (
				C90B75DC1D2A94DA00446ACC /* Enroll.storyboard in Resources */,
				C90B75D81D2A94B500446ACC /* OnePassUILocalizable.strings in Resources */,
				C90ED5D71D2D3EA30062CA13 /* Verify.storyboard in Resources */,
				C90B8C381D253B3C005F965E /* Icons.xcassets in Resources */,
			);
			runOnlyForDeploymentPostprocessing = 0;
		};
		C955E0AC1D0FFC7A006D2682 /* Resources */ = {
			isa = PBXResourcesBuildPhase;
			buildActionMask = 2147483647;
			files = (
			);
			runOnlyForDeploymentPostprocessing = 0;
		};
/* End PBXResourcesBuildPhase section */

/* Begin PBXSourcesBuildPhase section */
		C955E09F1D0FFC7A006D2682 /* Sources */ = {
			isa = PBXSourcesBuildPhase;
			buildActionMask = 2147483647;
			files = (
				C90866591D3E1C6900ED1413 /* OPUIEnrollFailPhotoShotViewController.m in Sources */,
				C90866601D3E206400ED1413 /* OPUIEnrollFailVoiceViewController.m in Sources */,
				C955E0C91D0FFF40006D2682 /* OPUIEnrollFaceCaptureViewController.m in Sources */,
				C96444701D1A886900799D13 /* OPUIEnrollVoiceRecordViewController.m in Sources */,
				C96079321D1D2AF600B9F55E /* OPUIVerifyVideoCaptureViewController.m in Sources */,
				C90F6CF71D256A2E0085AB3F /* OPUIEnrollAgreementViewController.m in Sources */,
				C9474F671D587AE500E531A7 /* OPUILoader.m in Sources */,
				C91A70141D3E02ED00AF95A9 /* OPUIVerifyFailViewController.m in Sources */,
			);
			runOnlyForDeploymentPostprocessing = 0;
		};
		C955E0AA1D0FFC7A006D2682 /* Sources */ = {
			isa = PBXSourcesBuildPhase;
			buildActionMask = 2147483647;
			files = (
				C955E0B41D0FFC7A006D2682 /* OnePassUITests.m in Sources */,
			);
			runOnlyForDeploymentPostprocessing = 0;
		};
/* End PBXSourcesBuildPhase section */

/* Begin PBXTargetDependency section */
		C9474ED71D54E2A000E531A7 /* PBXTargetDependency */ = {
			isa = PBXTargetDependency;
			name = OnePassUICommon;
			targetProxy = C9474ED61D54E2A000E531A7 /* PBXContainerItemProxy */;
		};
		C955E0B11D0FFC7A006D2682 /* PBXTargetDependency */ = {
			isa = PBXTargetDependency;
			target = C955E0A31D0FFC7A006D2682 /* OnePassUI */;
			targetProxy = C955E0B01D0FFC7A006D2682 /* PBXContainerItemProxy */;
		};
/* End PBXTargetDependency section */

/* Begin PBXVariantGroup section */
		C90B75DA1D2A94B500446ACC /* OnePassUILocalizable.strings */ = {
			isa = PBXVariantGroup;
			children = (
				C90B75D91D2A94B500446ACC /* en */,
				C90B75DB1D2A94C800446ACC /* ru */,
				C918CDAF1D4F79F70074E186 /* pt-BR */,
				C918CDBB1D4F8FFD0074E186 /* ko */,
			);
			name = OnePassUILocalizable.strings;
			sourceTree = SOURCE_ROOT;
		};
		C90B75DE1D2A94DA00446ACC /* Enroll.storyboard */ = {
			isa = PBXVariantGroup;
			children = (
				C9D330F41D2A95280049FB62 /* Base */,
				C9D330F61D2A95310049FB62 /* en */,
				C9D330F81D2A95390049FB62 /* ru */,
				C918CDAB1D4F79F70074E186 /* pt-BR */,
				C918CDB71D4F8FFD0074E186 /* ko */,
			);
			name = Enroll.storyboard;
			sourceTree = "<group>";
		};
		C90ED5D91D2D3EA30062CA13 /* Verify.storyboard */ = {
			isa = PBXVariantGroup;
			children = (
				C90ED5DE1D2D3EA60062CA13 /* ru */,
				C90ED5DF1D2D3FD70062CA13 /* Base */,
				C90ED5E01D2D3FDE0062CA13 /* en */,
				C918CDAC1D4F79F70074E186 /* pt-BR */,
				C918CDB81D4F8FFD0074E186 /* ko */,
			);
			name = Verify.storyboard;
			sourceTree = "<group>";
		};
/* End PBXVariantGroup section */

/* Begin XCBuildConfiguration section */
		C955E0B61D0FFC7A006D2682 /* Debug */ = {
			isa = XCBuildConfiguration;
			buildSettings = {
				ALWAYS_SEARCH_USER_PATHS = NO;
				CLANG_ANALYZER_NONNULL = YES;
				CLANG_CXX_LANGUAGE_STANDARD = "gnu++0x";
				CLANG_CXX_LIBRARY = "libc++";
				CLANG_ENABLE_MODULES = YES;
				CLANG_ENABLE_OBJC_ARC = YES;
				CLANG_WARN_BOOL_CONVERSION = YES;
				CLANG_WARN_CONSTANT_CONVERSION = YES;
				CLANG_WARN_DIRECT_OBJC_ISA_USAGE = YES_ERROR;
				CLANG_WARN_EMPTY_BODY = YES;
				CLANG_WARN_ENUM_CONVERSION = YES;
				CLANG_WARN_INT_CONVERSION = YES;
				CLANG_WARN_OBJC_ROOT_CLASS = YES_ERROR;
				CLANG_WARN_UNREACHABLE_CODE = YES;
				CLANG_WARN__DUPLICATE_METHOD_MATCH = YES;
				"CODE_SIGN_IDENTITY[sdk=iphoneos*]" = "iPhone Developer";
				COPY_PHASE_STRIP = NO;
				CURRENT_PROJECT_VERSION = 1;
				DEBUG_INFORMATION_FORMAT = dwarf;
				ENABLE_STRICT_OBJC_MSGSEND = YES;
				ENABLE_TESTABILITY = YES;
				GCC_C_LANGUAGE_STANDARD = gnu99;
				GCC_DYNAMIC_NO_PIC = NO;
				GCC_NO_COMMON_BLOCKS = YES;
				GCC_OPTIMIZATION_LEVEL = 0;
				GCC_PREPROCESSOR_DEFINITIONS = (
					"DEBUG=1",
					"$(inherited)",
				);
				GCC_WARN_64_TO_32_BIT_CONVERSION = YES;
				GCC_WARN_ABOUT_RETURN_TYPE = YES_ERROR;
				GCC_WARN_UNDECLARED_SELECTOR = YES;
				GCC_WARN_UNINITIALIZED_AUTOS = YES_AGGRESSIVE;
				GCC_WARN_UNUSED_FUNCTION = YES;
				GCC_WARN_UNUSED_VARIABLE = YES;
				IPHONEOS_DEPLOYMENT_TARGET = 9.3;
				MTL_ENABLE_DEBUG_INFO = YES;
				ONLY_ACTIVE_ARCH = YES;
				SDKROOT = iphoneos;
				TARGETED_DEVICE_FAMILY = "1,2";
				VERSIONING_SYSTEM = "apple-generic";
				VERSION_INFO_PREFIX = "";
			};
			name = Debug;
		};
		C955E0B71D0FFC7A006D2682 /* Release */ = {
			isa = XCBuildConfiguration;
			buildSettings = {
				ALWAYS_SEARCH_USER_PATHS = NO;
				CLANG_ANALYZER_NONNULL = YES;
				CLANG_CXX_LANGUAGE_STANDARD = "gnu++0x";
				CLANG_CXX_LIBRARY = "libc++";
				CLANG_ENABLE_MODULES = YES;
				CLANG_ENABLE_OBJC_ARC = YES;
				CLANG_WARN_BOOL_CONVERSION = YES;
				CLANG_WARN_CONSTANT_CONVERSION = YES;
				CLANG_WARN_DIRECT_OBJC_ISA_USAGE = YES_ERROR;
				CLANG_WARN_EMPTY_BODY = YES;
				CLANG_WARN_ENUM_CONVERSION = YES;
				CLANG_WARN_INT_CONVERSION = YES;
				CLANG_WARN_OBJC_ROOT_CLASS = YES_ERROR;
				CLANG_WARN_UNREACHABLE_CODE = YES;
				CLANG_WARN__DUPLICATE_METHOD_MATCH = YES;
				"CODE_SIGN_IDENTITY[sdk=iphoneos*]" = "iPhone Developer";
				COPY_PHASE_STRIP = NO;
				CURRENT_PROJECT_VERSION = 1;
				DEBUG_INFORMATION_FORMAT = "dwarf-with-dsym";
				ENABLE_NS_ASSERTIONS = NO;
				ENABLE_STRICT_OBJC_MSGSEND = YES;
				GCC_C_LANGUAGE_STANDARD = gnu99;
				GCC_NO_COMMON_BLOCKS = YES;
				GCC_WARN_64_TO_32_BIT_CONVERSION = YES;
				GCC_WARN_ABOUT_RETURN_TYPE = YES_ERROR;
				GCC_WARN_UNDECLARED_SELECTOR = YES;
				GCC_WARN_UNINITIALIZED_AUTOS = YES_AGGRESSIVE;
				GCC_WARN_UNUSED_FUNCTION = YES;
				GCC_WARN_UNUSED_VARIABLE = YES;
				IPHONEOS_DEPLOYMENT_TARGET = 9.3;
				MTL_ENABLE_DEBUG_INFO = NO;
				SDKROOT = iphoneos;
				TARGETED_DEVICE_FAMILY = "1,2";
				VALIDATE_PRODUCT = YES;
				VERSIONING_SYSTEM = "apple-generic";
				VERSION_INFO_PREFIX = "";
			};
			name = Release;
		};
		C955E0B91D0FFC7A006D2682 /* Debug */ = {
			isa = XCBuildConfiguration;
			buildSettings = {
				DEFINES_MODULE = YES;
				DYLIB_COMPATIBILITY_VERSION = 1;
				DYLIB_CURRENT_VERSION = 1;
				DYLIB_INSTALL_NAME_BASE = "@rpath";
				FRAMEWORK_SEARCH_PATHS = (
					"$(inherited)",
					"$(PROJECT_DIR)",
				);
				INFOPLIST_FILE = OnePassUI/Info.plist;
				INSTALL_PATH = "$(LOCAL_LIBRARY_DIR)/Frameworks";
				LD_RUNPATH_SEARCH_PATHS = "$(inherited) @executable_path/Frameworks @loader_path/Frameworks";
				PRODUCT_BUNDLE_IDENTIFIER = STC.OnePassUI;
				PRODUCT_NAME = "$(TARGET_NAME)";
				SKIP_INSTALL = YES;
			};
			name = Debug;
		};
		C955E0BA1D0FFC7A006D2682 /* Release */ = {
			isa = XCBuildConfiguration;
			buildSettings = {
				DEFINES_MODULE = YES;
				DYLIB_COMPATIBILITY_VERSION = 1;
				DYLIB_CURRENT_VERSION = 1;
				DYLIB_INSTALL_NAME_BASE = "@rpath";
				FRAMEWORK_SEARCH_PATHS = (
					"$(inherited)",
					"$(PROJECT_DIR)",
				);
				INFOPLIST_FILE = OnePassUI/Info.plist;
				INSTALL_PATH = "$(LOCAL_LIBRARY_DIR)/Frameworks";
				LD_RUNPATH_SEARCH_PATHS = "$(inherited) @executable_path/Frameworks @loader_path/Frameworks";
				PRODUCT_BUNDLE_IDENTIFIER = STC.OnePassUI;
				PRODUCT_NAME = "$(TARGET_NAME)";
				SKIP_INSTALL = YES;
			};
			name = Release;
		};
		C955E0BC1D0FFC7A006D2682 /* Debug */ = {
			isa = XCBuildConfiguration;
			buildSettings = {
				INFOPLIST_FILE = OnePassUITests/Info.plist;
				LD_RUNPATH_SEARCH_PATHS = "$(inherited) @executable_path/Frameworks @loader_path/Frameworks";
				PRODUCT_BUNDLE_IDENTIFIER = STC.OnePassUITests;
				PRODUCT_NAME = "$(TARGET_NAME)";
			};
			name = Debug;
		};
		C955E0BD1D0FFC7A006D2682 /* Release */ = {
			isa = XCBuildConfiguration;
			buildSettings = {
				INFOPLIST_FILE = OnePassUITests/Info.plist;
				LD_RUNPATH_SEARCH_PATHS = "$(inherited) @executable_path/Frameworks @loader_path/Frameworks";
				PRODUCT_BUNDLE_IDENTIFIER = STC.OnePassUITests;
				PRODUCT_NAME = "$(TARGET_NAME)";
			};
			name = Release;
		};
/* End XCBuildConfiguration section */

/* Begin XCConfigurationList section */
		C955E09E1D0FFC7A006D2682 /* Build configuration list for PBXProject "OnePassUI" */ = {
			isa = XCConfigurationList;
			buildConfigurations = (
				C955E0B61D0FFC7A006D2682 /* Debug */,
				C955E0B71D0FFC7A006D2682 /* Release */,
			);
			defaultConfigurationIsVisible = 0;
			defaultConfigurationName = Release;
		};
		C955E0B81D0FFC7A006D2682 /* Build configuration list for PBXNativeTarget "OnePassUI" */ = {
			isa = XCConfigurationList;
			buildConfigurations = (
				C955E0B91D0FFC7A006D2682 /* Debug */,
				C955E0BA1D0FFC7A006D2682 /* Release */,
			);
			defaultConfigurationIsVisible = 0;
			defaultConfigurationName = Release;
		};
		C955E0BB1D0FFC7A006D2682 /* Build configuration list for PBXNativeTarget "OnePassUITests" */ = {
			isa = XCConfigurationList;
			buildConfigurations = (
				C955E0BC1D0FFC7A006D2682 /* Debug */,
				C955E0BD1D0FFC7A006D2682 /* Release */,
			);
			defaultConfigurationIsVisible = 0;
			defaultConfigurationName = Release;
		};
/* End XCConfigurationList section */
	};
	rootObject = C955E09B1D0FFC7A006D2682 /* Project object */;
}
